
Microsoft Visual Studio Solution File, Format Version 11.00
# Visual Studio 2010
Project("{FAE04EC0-301F-11D3-BF4B-00C04F79EFBC}") = "TinyMessenger", "TinyMessenger\TinyMessenger.csproj", "{12E4B8BE-B9D6-4D6A-8F37-0D8FBEFD11EC}"
EndProject
Project("{FAE04EC0-301F-11D3-BF4B-00C04F79EFBC}") = "TinyMessenger.Tests", "TinyMessenger.Tests\TinyMessenger.Tests.csproj", "{591CD23E-80E7-4079-BC00-8E4F119652C4}"
EndProject
Global
	GlobalSection(SolutionConfigurationPlatforms) = preSolution
		Debug|Any CPU = Debug|Any CPU
		Release|Any CPU = Release|Any CPU
	EndGlobalSection
	GlobalSection(ProjectConfigurationPlatforms) = postSolution
		{12E4B8BE-B9D6-4D6A-8F37-0D8FBEFD11EC}.Debug|Any CPU.ActiveCfg = Debug|Any CPU
		{12E4B8BE-B9D6-4D6A-8F37-0D8FBEFD11EC}.Debug|Any CPU.Build.0 = Debug|Any CPU
		{12E4B8BE-B9D6-4D6A-8F37-0D8FBEFD11EC}.Release|Any CPU.ActiveCfg = Release|Any CPU
		{12E4B8BE-B9D6-4D6A-8F37-0D8FBEFD11EC}.Release|Any CPU.Build.0 = Release|Any CPU
		{591CD23E-80E7-4079-BC00-8E4F119652C4}.Debug|Any CPU.ActiveCfg = Debug|Any CPU
		{591CD23E-80E7-4079-BC00-8E4F119652C4}.Debug|Any CPU.Build.0 = Debug|Any CPU
		{591CD23E-80E7-4079-BC00-8E4F119652C4}.Release|Any CPU.ActiveCfg = Release|Any CPU
		{591CD23E-80E7-4079-BC00-8E4F119652C4}.Release|Any CPU.Build.0 = Release|Any CPU
	EndGlobalSection
	GlobalSection(MonoDevelopProperties) = preSolution
		Policies = $0
		$0.TextStylePolicy = $1
		$1.FileWidth = 120
		$1.NoTabsAfterNonTabs = True
		$1.inheritsSet = VisualStudio
		$1.inheritsScope = text/plain
		$1.scope = text/plain
		$0.TextStylePolicy = $2
		$2.inheritsSet = null
		$2.scope = text/x-csharp
		$0.CSharpFormattingPolicy = $3
		$3.IndentBlocksInsideExpressions = True
		$3.NamespaceBraceStyle = EndOfLine
		$3.ClassBraceStyle = EndOfLine
		$3.InterfaceBraceStyle = EndOfLine
		$3.StructBraceStyle = EndOfLine
		$3.EnumBraceStyle = EndOfLine
		$3.MethodBraceStyle = EndOfLine
		$3.ConstructorBraceStyle = EndOfLine
		$3.DestructorBraceStyle = EndOfLine
		$3.BeforeMethodDeclarationParentheses = False
		$3.BeforeMethodCallParentheses = False
		$3.BeforeConstructorDeclarationParentheses = False
		$3.BeforeDelegateDeclarationParentheses = False
		$3.AfterDelegateDeclarationParameterComma = True
		$3.NewParentheses = False
		$3.SpacesBeforeBrackets = False
		$3.inheritsSet = Mono
		$3.inheritsScope = text/x-csharp
		$3.scope = text/x-csharp
		$0.TextStylePolicy = $4
		$4.inheritsSet = null
		$4.scope = application/config+xml
		$0.XmlFormattingPolicy = $5
		$5.inheritsSet = null
		$5.scope = application/config+xml
		$0.TextStylePolicy = $6
		$6.inheritsSet = null
		$6.scope = application/xml
		$0.XmlFormattingPolicy = $7
		$7.inheritsSet = Mono
		$7.inheritsScope = application/xml
		$7.scope = application/xml
	EndGlobalSection
	GlobalSection(TestCaseManagementSettings) = postSolution
		CategoryFile = TinyMessenger.vsmdi
	EndGlobalSection
	GlobalSection(SolutionProperties) = preSolution
		HideSolutionNode = FALSE
	EndGlobalSection
EndGlobal
