
Microsoft Visual Studio Solution File, Format Version 11.00
# Visual Studio 2010
Project("{FAE04EC0-301F-11D3-BF4B-00C04F79EFBC}") = "TinyMessenger", "TinyMessenger\TinyMessenger.csproj", "{12E4B8BE-B9D6-4D6A-8F37-0D8FBEFD11EC}"
EndProject
Project("{FAE04EC0-301F-11D3-BF4B-00C04F79EFBC}") = "TinyMessenger.Tests", "TinyMessenger.Tests\TinyMessenger.Tests.csproj", "{591CD23E-80E7-4079-BC00-8E4F119652C4}"
EndProject
Global
	GlobalSection(SolutionConfigurationPlatforms) = preSolution
		Debug|Any CPU = Debug|Any CPU
		Release|Any CPU = Release|Any CPU
	EndGlobalSection
	GlobalSection(ProjectConfigurationPlatforms) = postSolution
		{12E4B8BE-B9D6-4D6A-8F37-0D8FBEFD11EC}.Debug|Any CPU.ActiveCfg = Debug|Any CPU
		{12E4B8BE-B9D6-4D6A-8F37-0D8FBEFD11EC}.Debug|Any CPU.Build.0 = Debug|Any CPU
		{12E4B8BE-B9D6-4D6A-8F37-0D8FBEFD11EC}.Release|Any CPU.ActiveCfg = Release|Any CPU
		{12E4B8BE-B9D6-4D6A-8F37-0D8FBEFD11EC}.Release|Any CPU.Build.0 = Release|Any CPU
		{591CD23E-80E7-4079-BC00-8E4F119652C4}.Debug|Any CPU.ActiveCfg = Debug|Any CPU
		{591CD23E-80E7-4079-BC00-8E4F119652C4}.Debug|Any CPU.Build.0 = Debug|Any CPU
		{591CD23E-80E7-4079-BC00-8E4F119652C4}.Release|Any CPU.ActiveCfg = Release|Any CPU
		{591CD23E-80E7-4079-BC00-8E4F119652C4}.Release|Any CPU.Build.0 = Release|Any CPU
	EndGlobalSection
	GlobalSection(TestCaseManagementSettings) = postSolution
		CategoryFile = TinyMessenger.vsmdi
	EndGlobalSection
	GlobalSection(SolutionProperties) = preSolution
		HideSolutionNode = FALSE
	EndGlobalSection
EndGlobal
